
Microsoft Visual Studio Solution File, Format Version 12.00
# Visual Studio Version 16
VisualStudioVersion = 16.0.31515.178
MinimumVisualStudioVersion = 10.0.40219.1
Project("{FAE04EC0-301F-11D3-BF4B-00C04F79EFBC}") = "Taskk", "Taskk\Taskk.csproj", "{322ECB91-22CB-48F2-9660-6280E0AC9EDF}"
EndProject
Global
	GlobalSection(SolutionConfigurationPlatforms) = preSolution
		Debug|Any CPU = Debug|Any CPU
		Release|Any CPU = Release|Any CPU
	EndGlobalSection
	GlobalSection(ProjectConfigurationPlatforms) = postSolution
		{322ECB91-22CB-48F2-9660-6280E0AC9EDF}.Debug|Any CPU.ActiveCfg = Debug|Any CPU
		{322ECB91-22CB-48F2-9660-6280E0AC9EDF}.Debug|Any CPU.Build.0 = Debug|Any CPU
		{322ECB91-22CB-48F2-9660-6280E0AC9EDF}.Release|Any CPU.ActiveCfg = Release|Any CPU
		{322ECB91-22CB-48F2-9660-6280E0AC9EDF}.Release|Any CPU.Build.0 = Release|Any CPU
	EndGlobalSection
	GlobalSection(SolutionProperties) = preSolution
		HideSolutionNode = FALSE
	EndGlobalSection
	GlobalSection(ExtensibilityGlobals) = postSolution
		SolutionGuid = {53BBACAB-42E7-4C63-9DB8-9F8AAE7B4542}
	EndGlobalSection
EndGlobal
